
Microsoft Visual Studio Solution File, Format Version 12.00
# Visual Studio 15
VisualStudioVersion = 15.0.26730.16
MinimumVisualStudioVersion = 10.0.40219.1
Project("{FAE04EC0-301F-11D3-BF4B-00C04F79EFBC}") = "SuperBMDLib", "SuperBMDLib\SuperBMDLib.csproj", "{828BE5E5-9E98-46C9-B63E-D2D03322A825}"
EndProject
Project("{FAE04EC0-301F-11D3-BF4B-00C04F79EFBC}") = "SuperBMD", "SuperBMD\SuperBMD.csproj", "{7349EE4E-A17C-4715-A5B4-07533D1DC701}"
EndProject
Global
	GlobalSection(SolutionConfigurationPlatforms) = preSolution
		Debug|Any CPU = Debug|Any CPU
		Debug|x64 = Debug|x64
		Debug|x86 = Debug|x86
		Release|Any CPU = Release|Any CPU
		Release|x64 = Release|x64
		Release|x86 = Release|x86
	EndGlobalSection
	GlobalSection(ProjectConfigurationPlatforms) = postSolution
		{828BE5E5-9E98-46C9-B63E-D2D03322A825}.Debug|Any CPU.ActiveCfg = Debug|Any CPU
		{828BE5E5-9E98-46C9-B63E-D2D03322A825}.Debug|Any CPU.Build.0 = Debug|Any CPU
		{828BE5E5-9E98-46C9-B63E-D2D03322A825}.Debug|x64.ActiveCfg = Debug|Any CPU
		{828BE5E5-9E98-46C9-B63E-D2D03322A825}.Debug|x64.Build.0 = Debug|Any CPU
		{828BE5E5-9E98-46C9-B63E-D2D03322A825}.Debug|x86.ActiveCfg = Debug|Any CPU
		{828BE5E5-9E98-46C9-B63E-D2D03322A825}.Debug|x86.Build.0 = Debug|Any CPU
		{828BE5E5-9E98-46C9-B63E-D2D03322A825}.Release|Any CPU.ActiveCfg = Release|Any CPU
		{828BE5E5-9E98-46C9-B63E-D2D03322A825}.Release|Any CPU.Build.0 = Release|Any CPU
		{828BE5E5-9E98-46C9-B63E-D2D03322A825}.Release|x64.ActiveCfg = Release|Any CPU
		{828BE5E5-9E98-46C9-B63E-D2D03322A825}.Release|x64.Build.0 = Release|Any CPU
		{828BE5E5-9E98-46C9-B63E-D2D03322A825}.Release|x86.ActiveCfg = Release|Any CPU
		{828BE5E5-9E98-46C9-B63E-D2D03322A825}.Release|x86.Build.0 = Release|Any CPU
		{7349EE4E-A17C-4715-A5B4-07533D1DC701}.Debug|Any CPU.ActiveCfg = Debug|Any CPU
		{7349EE4E-A17C-4715-A5B4-07533D1DC701}.Debug|Any CPU.Build.0 = Debug|Any CPU
		{7349EE4E-A17C-4715-A5B4-07533D1DC701}.Debug|x64.ActiveCfg = Debug|Any CPU
		{7349EE4E-A17C-4715-A5B4-07533D1DC701}.Debug|x64.Build.0 = Debug|Any CPU
		{7349EE4E-A17C-4715-A5B4-07533D1DC701}.Debug|x86.ActiveCfg = Debug|Any CPU
		{7349EE4E-A17C-4715-A5B4-07533D1DC701}.Debug|x86.Build.0 = Debug|Any CPU
		{7349EE4E-A17C-4715-A5B4-07533D1DC701}.Release|Any CPU.ActiveCfg = Release|Any CPU
		{7349EE4E-A17C-4715-A5B4-07533D1DC701}.Release|Any CPU.Build.0 = Release|Any CPU
		{7349EE4E-A17C-4715-A5B4-07533D1DC701}.Release|x64.ActiveCfg = Release|Any CPU
		{7349EE4E-A17C-4715-A5B4-07533D1DC701}.Release|x64.Build.0 = Release|Any CPU
		{7349EE4E-A17C-4715-A5B4-07533D1DC701}.Release|x86.ActiveCfg = Release|Any CPU
		{7349EE4E-A17C-4715-A5B4-07533D1DC701}.Release|x86.Build.0 = Release|Any CPU
	EndGlobalSection
	GlobalSection(SolutionProperties) = preSolution
		HideSolutionNode = FALSE
	EndGlobalSection
	GlobalSection(ExtensibilityGlobals) = postSolution
		SolutionGuid = {AAB59F86-1FC3-47E6-A4D7-E0DE2BC5B0DE}
	EndGlobalSection
EndGlobal
